PODS:
  - AppRTC (1.0.2):
    - libjingle_peerconnection
    - SocketRocket
  - libjingle_peerconnection (10642.2.0)
  - SocketRocket (0.4.2)

DEPENDENCIES:
  - AppRTC (from `.`)

EXTERNAL SOURCES:
  AppRTC:
    :path: .

SPEC CHECKSUMS:
  AppRTC: 29a5418955fee7fba3df36a0c37285cd835272ad
  libjingle_peerconnection: 96592d7e75876776f6a7c21267926a132effc3cc
  SocketRocket: ffe08119b00ef982f6c37052a4705a057c8494ad

COCOAPODS: 0.39.0
