PODS:
  - AppRTC (1.0.2):
    - libjingle_peerconnection
    - SocketRocket
  - libjingle_peerconnection (9814.2.0)
  - SocketRocket (0.4.1)

DEPENDENCIES:
  - AppRTC (from `.`)

EXTERNAL SOURCES:
  AppRTC:
    :path: .

SPEC CHECKSUMS:
  AppRTC: 8c7645682bcf9d9328a4e8a3128fad5bf42e60f5
  libjingle_peerconnection: f03d6c0532595e8b9b233eccea68ad344e0395ac
  SocketRocket: ee0b5c34182d37bb4f1f8d628bbe737718126daa

COCOAPODS: 0.39.0
